
Microsoft Visual Studio Solution File, Format Version 12.00
Project("{2150E333-8FDC-42A3-9474-1A3956D46DE8}") = "src", "src", "{F30CBA46-F2AB-4CE2-924A-772EBAA8E248}"
EndProject
Project("{2150E333-8FDC-42A3-9474-1A3956D46DE8}") = "tests", "tests", "{98CA01A9-82A6-49FA-9CC6-FBB7ADDBABF8}"
EndProject
Project("{2150E333-8FDC-42A3-9474-1A3956D46DE8}") = "Domain", "Domain", "{0A1DFEC7-CB16-404C-BC52-2A722C71DDE6}"
EndProject
Project("{FAE04EC0-301F-11D3-BF4B-00C04F79EFBC}") = "KalanMoney.Domain.Entities", "KalanMoney.Domain.Entities\KalanMoney.Domain.Entities.csproj", "{F4ADBBCE-807B-4C56-89B6-3089BCA8EBCF}"
EndProject
Project("{FAE04EC0-301F-11D3-BF4B-00C04F79EFBC}") = "KalanMoney.Domain.UseCases", "KalanMoney.Domain.UseCases\KalanMoney.Domain.UseCases.csproj", "{8F261FAC-A3C0-4CC7-8FDC-EFE5F9F7C789}"
EndProject
Project("{2150E333-8FDC-42A3-9474-1A3956D46DE8}") = "Domain", "Domain", "{569214EA-AA1E-4B59-8166-6AB5DFA03965}"
EndProject
Project("{FAE04EC0-301F-11D3-BF4B-00C04F79EFBC}") = "KalanMoney.Domain.Entities.Tests", "KalanMoney.Domain.Entities.Tests\KalanMoney.Domain.Entities.Tests.csproj", "{252345E9-21D3-4E68-AAA1-2A2FB7EA954F}"
EndProject
Project("{FAE04EC0-301F-11D3-BF4B-00C04F79EFBC}") = "KalanMoney.Domain.UseCases.Tests", "KalanMoney.Domain.UseCases.Tests\KalanMoney.Domain.UseCases.Tests.csproj", "{0DAB5EAC-5EF6-4339-B7FF-4917CEFB71C9}"
EndProject
Project("{2150E333-8FDC-42A3-9474-1A3956D46DE8}") = "API", "API", "{6380E1CA-0455-4D8C-BF41-2AEF794C6190}"
EndProject
Project("{FAE04EC0-301F-11D3-BF4B-00C04F79EFBC}") = "KalanMoney.API.Functions", "KalanMoney.API.Functions\KalanMoney.API.Functions.csproj", "{55D28931-08F8-44CE-88A6-664057B73C00}"
EndProject
Project("{2150E333-8FDC-42A3-9474-1A3956D46DE8}") = "Main", "Main", "{9F83571B-B9E1-4BC9-BF05-51EC21989A87}"
EndProject
Project("{FAE04EC0-301F-11D3-BF4B-00C04F79EFBC}") = "KalanMoney.Startup", "KalanMoney.Startup\KalanMoney.Startup.csproj", "{66188E03-9AB7-46E8-946A-FE3DA5B5EB5A}"
EndProject
Project("{2150E333-8FDC-42A3-9474-1A3956D46DE8}") = "API", "API", "{7292E138-D6EC-4EAA-A12F-F86E99947A9D}"
EndProject
Project("{FAE04EC0-301F-11D3-BF4B-00C04F79EFBC}") = "KalanMoney.API.Functions.Tests", "KalanMoney.API.Functions.Tests\KalanMoney.API.Functions.Tests.csproj", "{8A9FE1F3-B5CC-47F8-A7C6-371DAF5E17D2}"
EndProject
Global
	GlobalSection(SolutionConfigurationPlatforms) = preSolution
		Debug|Any CPU = Debug|Any CPU
		Release|Any CPU = Release|Any CPU
	EndGlobalSection
	GlobalSection(ProjectConfigurationPlatforms) = postSolution
		{F4ADBBCE-807B-4C56-89B6-3089BCA8EBCF}.Debug|Any CPU.ActiveCfg = Debug|Any CPU
		{F4ADBBCE-807B-4C56-89B6-3089BCA8EBCF}.Debug|Any CPU.Build.0 = Debug|Any CPU
		{F4ADBBCE-807B-4C56-89B6-3089BCA8EBCF}.Release|Any CPU.ActiveCfg = Release|Any CPU
		{F4ADBBCE-807B-4C56-89B6-3089BCA8EBCF}.Release|Any CPU.Build.0 = Release|Any CPU
		{8F261FAC-A3C0-4CC7-8FDC-EFE5F9F7C789}.Debug|Any CPU.ActiveCfg = Debug|Any CPU
		{8F261FAC-A3C0-4CC7-8FDC-EFE5F9F7C789}.Debug|Any CPU.Build.0 = Debug|Any CPU
		{8F261FAC-A3C0-4CC7-8FDC-EFE5F9F7C789}.Release|Any CPU.ActiveCfg = Release|Any CPU
		{8F261FAC-A3C0-4CC7-8FDC-EFE5F9F7C789}.Release|Any CPU.Build.0 = Release|Any CPU
		{252345E9-21D3-4E68-AAA1-2A2FB7EA954F}.Debug|Any CPU.ActiveCfg = Debug|Any CPU
		{252345E9-21D3-4E68-AAA1-2A2FB7EA954F}.Debug|Any CPU.Build.0 = Debug|Any CPU
		{252345E9-21D3-4E68-AAA1-2A2FB7EA954F}.Release|Any CPU.ActiveCfg = Release|Any CPU
		{252345E9-21D3-4E68-AAA1-2A2FB7EA954F}.Release|Any CPU.Build.0 = Release|Any CPU
		{0DAB5EAC-5EF6-4339-B7FF-4917CEFB71C9}.Debug|Any CPU.ActiveCfg = Debug|Any CPU
		{0DAB5EAC-5EF6-4339-B7FF-4917CEFB71C9}.Debug|Any CPU.Build.0 = Debug|Any CPU
		{0DAB5EAC-5EF6-4339-B7FF-4917CEFB71C9}.Release|Any CPU.ActiveCfg = Release|Any CPU
		{0DAB5EAC-5EF6-4339-B7FF-4917CEFB71C9}.Release|Any CPU.Build.0 = Release|Any CPU
		{55D28931-08F8-44CE-88A6-664057B73C00}.Debug|Any CPU.ActiveCfg = Debug|Any CPU
		{55D28931-08F8-44CE-88A6-664057B73C00}.Debug|Any CPU.Build.0 = Debug|Any CPU
		{55D28931-08F8-44CE-88A6-664057B73C00}.Release|Any CPU.ActiveCfg = Release|Any CPU
		{55D28931-08F8-44CE-88A6-664057B73C00}.Release|Any CPU.Build.0 = Release|Any CPU
		{66188E03-9AB7-46E8-946A-FE3DA5B5EB5A}.Debug|Any CPU.ActiveCfg = Debug|Any CPU
		{66188E03-9AB7-46E8-946A-FE3DA5B5EB5A}.Debug|Any CPU.Build.0 = Debug|Any CPU
		{66188E03-9AB7-46E8-946A-FE3DA5B5EB5A}.Release|Any CPU.ActiveCfg = Release|Any CPU
		{66188E03-9AB7-46E8-946A-FE3DA5B5EB5A}.Release|Any CPU.Build.0 = Release|Any CPU
		{8A9FE1F3-B5CC-47F8-A7C6-371DAF5E17D2}.Debug|Any CPU.ActiveCfg = Debug|Any CPU
		{8A9FE1F3-B5CC-47F8-A7C6-371DAF5E17D2}.Debug|Any CPU.Build.0 = Debug|Any CPU
		{8A9FE1F3-B5CC-47F8-A7C6-371DAF5E17D2}.Release|Any CPU.ActiveCfg = Release|Any CPU
		{8A9FE1F3-B5CC-47F8-A7C6-371DAF5E17D2}.Release|Any CPU.Build.0 = Release|Any CPU
	EndGlobalSection
	GlobalSection(NestedProjects) = preSolution
		{0A1DFEC7-CB16-404C-BC52-2A722C71DDE6} = {F30CBA46-F2AB-4CE2-924A-772EBAA8E248}
		{F4ADBBCE-807B-4C56-89B6-3089BCA8EBCF} = {0A1DFEC7-CB16-404C-BC52-2A722C71DDE6}
		{8F261FAC-A3C0-4CC7-8FDC-EFE5F9F7C789} = {0A1DFEC7-CB16-404C-BC52-2A722C71DDE6}
		{569214EA-AA1E-4B59-8166-6AB5DFA03965} = {98CA01A9-82A6-49FA-9CC6-FBB7ADDBABF8}
		{252345E9-21D3-4E68-AAA1-2A2FB7EA954F} = {569214EA-AA1E-4B59-8166-6AB5DFA03965}
		{0DAB5EAC-5EF6-4339-B7FF-4917CEFB71C9} = {569214EA-AA1E-4B59-8166-6AB5DFA03965}
		{6380E1CA-0455-4D8C-BF41-2AEF794C6190} = {F30CBA46-F2AB-4CE2-924A-772EBAA8E248}
		{55D28931-08F8-44CE-88A6-664057B73C00} = {6380E1CA-0455-4D8C-BF41-2AEF794C6190}
		{9F83571B-B9E1-4BC9-BF05-51EC21989A87} = {F30CBA46-F2AB-4CE2-924A-772EBAA8E248}
		{66188E03-9AB7-46E8-946A-FE3DA5B5EB5A} = {9F83571B-B9E1-4BC9-BF05-51EC21989A87}
		{7292E138-D6EC-4EAA-A12F-F86E99947A9D} = {98CA01A9-82A6-49FA-9CC6-FBB7ADDBABF8}
		{8A9FE1F3-B5CC-47F8-A7C6-371DAF5E17D2} = {7292E138-D6EC-4EAA-A12F-F86E99947A9D}
	EndGlobalSection
EndGlobal
